
Microsoft Visual Studio Solution File, Format Version 12.00
# Visual Studio Version 16
VisualStudioVersion = 16.0.31410.357
MinimumVisualStudioVersion = 10.0.40219.1
Project("{9A19103F-16F7-4668-BE54-9A1E7A4F7556}") = "RealEstateCRM", "RealEstateCRM.csproj", "{05793EAE-5224-4BF7-A86D-5BC54EB65C12}"
EndProject
Global
	GlobalSection(SolutionConfigurationPlatforms) = preSolution
		Debug|Any CPU = Debug|Any CPU
		Release|Any CPU = Release|Any CPU
	EndGlobalSection
	GlobalSection(ProjectConfigurationPlatforms) = postSolution
		{05793EAE-5224-4BF7-A86D-5BC54EB65C12}.Debug|Any CPU.ActiveCfg = Debug|Any CPU
		{05793EAE-5224-4BF7-A86D-5BC54EB65C12}.Debug|Any CPU.Build.0 = Debug|Any CPU
		{05793EAE-5224-4BF7-A86D-5BC54EB65C12}.Release|Any CPU.ActiveCfg = Release|Any CPU
		{05793EAE-5224-4BF7-A86D-5BC54EB65C12}.Release|Any CPU.Build.0 = Release|Any CPU
	EndGlobalSection
	GlobalSection(SolutionProperties) = preSolution
		HideSolutionNode = FALSE
	EndGlobalSection
	GlobalSection(ExtensibilityGlobals) = postSolution
		SolutionGuid = {B3899694-8A00-4575-9D74-5D52A175A4F0}
	EndGlobalSection
EndGlobal
